NeoBundleLock ctrlp.vim f8fd9793503b06b2b5f7efe372955322fc4727cd
NeoBundleLock neobundle.vim e4e6766e7bbcac9b7048ee247f02af9020b9df29
NeoBundleLock neosnippet-snippets 531e9ae877347f61eb06f0658410dd4fa60cc0d6
NeoBundleLock neosnippet.vim 811176b29b1a60a164c9878f8dcbe4a680ee32e5
NeoBundleLock vim-colorschemes 81c6dd7ce3169e5ad9ba92422ba6e1ce5b074e36
NeoBundleLock vim-fugitive 2c8461db084d205903a792a23163faa546f143c9
NeoBundleLock vim-swift a0f827964ec5066e3f5748004626a7e31094cf3d
NeoBundleLock vimshell 3787e52766812d8b99a93ccdda57517bc2a0bab6
